
Microsoft Visual Studio Solution File, Format Version 12.00
# Visual Studio 15
VisualStudioVersion = 15.0.26403.3
MinimumVisualStudioVersion = 10.0.40219.1
Project("{FAE04EC0-301F-11D3-BF4B-00C04F79EFBC}") = "AD.OpenXml.Tests", "AD.OpenXml.Tests\AD.OpenXml.Tests.csproj", "{05BAB84C-75DB-41D6-9C56-E1BE7501581A}"
	ProjectSection(ProjectDependencies) = postProject
		{16A300C9-1B25-4D68-9F97-05B8CA2766C9} = {16A300C9-1B25-4D68-9F97-05B8CA2766C9}
	EndProjectSection
EndProject
Project("{FAE04EC0-301F-11D3-BF4B-00C04F79EFBC}") = "AD.OpenXml", "AD.OpenXml\AD.OpenXml.csproj", "{16A300C9-1B25-4D68-9F97-05B8CA2766C9}"
EndProject
Project("{2150E333-8FDC-42A3-9474-1A3956D46DE8}") = "Solution Items", "Solution Items", "{4367FC6A-7073-4479-B59B-8A5FA72D5FF8}"
	ProjectSection(SolutionItems) = preProject
		.gitignore = .gitignore
		AD.OpenXml.nuspec = AD.OpenXml.nuspec
		README.md = README.md
	EndProjectSection
EndProject
Project("{FAE04EC0-301F-11D3-BF4B-00C04F79EFBC}") = "AD.OpenXml.Standard", "AD.OpenXml.Standard\AD.OpenXml.Standard.csproj", "{5E86904C-F80F-40A5-BF48-5EA4790CE7AF}"
EndProject
Global
	GlobalSection(SolutionConfigurationPlatforms) = preSolution
		Debug|Any CPU = Debug|Any CPU
		Release|Any CPU = Release|Any CPU
	EndGlobalSection
	GlobalSection(ProjectConfigurationPlatforms) = postSolution
		{05BAB84C-75DB-41D6-9C56-E1BE7501581A}.Debug|Any CPU.ActiveCfg = Debug|Any CPU
		{05BAB84C-75DB-41D6-9C56-E1BE7501581A}.Debug|Any CPU.Build.0 = Debug|Any CPU
		{05BAB84C-75DB-41D6-9C56-E1BE7501581A}.Release|Any CPU.ActiveCfg = Release|Any CPU
		{05BAB84C-75DB-41D6-9C56-E1BE7501581A}.Release|Any CPU.Build.0 = Release|Any CPU
		{16A300C9-1B25-4D68-9F97-05B8CA2766C9}.Debug|Any CPU.ActiveCfg = Debug|Any CPU
		{16A300C9-1B25-4D68-9F97-05B8CA2766C9}.Debug|Any CPU.Build.0 = Debug|Any CPU
		{16A300C9-1B25-4D68-9F97-05B8CA2766C9}.Release|Any CPU.ActiveCfg = Release|Any CPU
		{16A300C9-1B25-4D68-9F97-05B8CA2766C9}.Release|Any CPU.Build.0 = Release|Any CPU
		{5E86904C-F80F-40A5-BF48-5EA4790CE7AF}.Debug|Any CPU.ActiveCfg = Debug|Any CPU
		{5E86904C-F80F-40A5-BF48-5EA4790CE7AF}.Debug|Any CPU.Build.0 = Debug|Any CPU
		{5E86904C-F80F-40A5-BF48-5EA4790CE7AF}.Release|Any CPU.ActiveCfg = Release|Any CPU
		{5E86904C-F80F-40A5-BF48-5EA4790CE7AF}.Release|Any CPU.Build.0 = Release|Any CPU
	EndGlobalSection
	GlobalSection(SolutionProperties) = preSolution
		HideSolutionNode = FALSE
	EndGlobalSection
EndGlobal
