
Microsoft Visual Studio Solution File, Format Version 12.00
# Visual Studio 15
VisualStudioVersion = 15.0.26430.13
MinimumVisualStudioVersion = 10.0.40219.1
Project("{9A19103F-16F7-4668-BE54-9A1E7A4F7556}") = "AD.OpenXml", "src\AD.OpenXml\AD.OpenXml.csproj", "{5E86904C-F80F-40A5-BF48-5EA4790CE7AF}"
EndProject
Project("{FAE04EC0-301F-11D3-BF4B-00C04F79EFBC}") = "CompilerAPI", "src\CompilerAPI\CompilerAPI.csproj", "{033E3A83-C44B-484E-871A-3E00910F6F5C}"
EndProject
Project("{FAE04EC0-301F-11D3-BF4B-00C04F79EFBC}") = "AD.OpenXml.Tests", "test\AD.OpenXml.Tests\AD.OpenXml.Tests.csproj", "{6B3EB8FD-DC1C-4C20-B530-579F7BE5A6F2}"
EndProject
Project("{2150E333-8FDC-42A3-9474-1A3956D46DE8}") = "sln", "sln", "{86495F50-AC36-49FA-BDF9-055D00F9FDEF}"
ProjectSection(SolutionItems) = preProject
	.appveyor.yml = .appveyor.yml
	.gitignore = .gitignore
	LICENSE = LICENSE
	README.md = README.md
EndProjectSection
EndProject
Project("{2150E333-8FDC-42A3-9474-1A3956D46DE8}") = "src", "src", "{5F95C4D2-76E7-4399-A56F-76A342034CEB}"
EndProject
Project("{2150E333-8FDC-42A3-9474-1A3956D46DE8}") = "test", "test", "{F9B88178-60B4-4BD0-95C0-664B1A7AD45B}"
EndProject
Project("{FAE04EC0-301F-11D3-BF4B-00C04F79EFBC}") = "EditorAPI", "src\EditorAPI\EditorAPI.csproj", "{8270A20E-C147-41A3-9D87-0F4A27EE4044}"
EndProject
Global
	GlobalSection(SolutionConfigurationPlatforms) = preSolution
		Debug|Any CPU = Debug|Any CPU
		Release|Any CPU = Release|Any CPU
	EndGlobalSection
	GlobalSection(ProjectConfigurationPlatforms) = postSolution
		{5E86904C-F80F-40A5-BF48-5EA4790CE7AF}.Debug|Any CPU.ActiveCfg = Debug|Any CPU
		{5E86904C-F80F-40A5-BF48-5EA4790CE7AF}.Debug|Any CPU.Build.0 = Debug|Any CPU
		{5E86904C-F80F-40A5-BF48-5EA4790CE7AF}.Release|Any CPU.ActiveCfg = Release|Any CPU
		{5E86904C-F80F-40A5-BF48-5EA4790CE7AF}.Release|Any CPU.Build.0 = Release|Any CPU
		{033E3A83-C44B-484E-871A-3E00910F6F5C}.Debug|Any CPU.ActiveCfg = Debug|Any CPU
		{033E3A83-C44B-484E-871A-3E00910F6F5C}.Debug|Any CPU.Build.0 = Debug|Any CPU
		{033E3A83-C44B-484E-871A-3E00910F6F5C}.Release|Any CPU.ActiveCfg = Release|Any CPU
		{033E3A83-C44B-484E-871A-3E00910F6F5C}.Release|Any CPU.Build.0 = Release|Any CPU
		{6B3EB8FD-DC1C-4C20-B530-579F7BE5A6F2}.Debug|Any CPU.ActiveCfg = Debug|Any CPU
		{6B3EB8FD-DC1C-4C20-B530-579F7BE5A6F2}.Debug|Any CPU.Build.0 = Debug|Any CPU
		{6B3EB8FD-DC1C-4C20-B530-579F7BE5A6F2}.Release|Any CPU.ActiveCfg = Release|Any CPU
		{6B3EB8FD-DC1C-4C20-B530-579F7BE5A6F2}.Release|Any CPU.Build.0 = Release|Any CPU
		{8270A20E-C147-41A3-9D87-0F4A27EE4044}.Debug|Any CPU.ActiveCfg = Debug|Any CPU
		{8270A20E-C147-41A3-9D87-0F4A27EE4044}.Debug|Any CPU.Build.0 = Debug|Any CPU
		{8270A20E-C147-41A3-9D87-0F4A27EE4044}.Release|Any CPU.ActiveCfg = Release|Any CPU
		{8270A20E-C147-41A3-9D87-0F4A27EE4044}.Release|Any CPU.Build.0 = Release|Any CPU
	EndGlobalSection
	GlobalSection(SolutionProperties) = preSolution
		HideSolutionNode = FALSE
	EndGlobalSection
	GlobalSection(NestedProjects) = preSolution
		{5E86904C-F80F-40A5-BF48-5EA4790CE7AF} = {5F95C4D2-76E7-4399-A56F-76A342034CEB}
		{033E3A83-C44B-484E-871A-3E00910F6F5C} = {5F95C4D2-76E7-4399-A56F-76A342034CEB}
		{6B3EB8FD-DC1C-4C20-B530-579F7BE5A6F2} = {F9B88178-60B4-4BD0-95C0-664B1A7AD45B}
		{8270A20E-C147-41A3-9D87-0F4A27EE4044} = {5F95C4D2-76E7-4399-A56F-76A342034CEB}
	EndGlobalSection
EndGlobal
